
Microsoft Visual Studio Solution File, Format Version 12.00
# Visual Studio Version 16
VisualStudioVersion = 16.0.29009.5
MinimumVisualStudioVersion = 10.0.40219.1
Project("{FAE04EC0-301F-11D3-BF4B-00C04F79EFBC}") = "Assignment02", "Assignment02\Assignment02.csproj", "{5D0A7DE7-3559-48BE-AFF5-2A01E4AB9E65}"
EndProject
Global
	GlobalSection(SolutionConfigurationPlatforms) = preSolution
		Debug|Any CPU = Debug|Any CPU
		Release|Any CPU = Release|Any CPU
	EndGlobalSection
	GlobalSection(ProjectConfigurationPlatforms) = postSolution
		{5D0A7DE7-3559-48BE-AFF5-2A01E4AB9E65}.Debug|Any CPU.ActiveCfg = Debug|Any CPU
		{5D0A7DE7-3559-48BE-AFF5-2A01E4AB9E65}.Debug|Any CPU.Build.0 = Debug|Any CPU
		{5D0A7DE7-3559-48BE-AFF5-2A01E4AB9E65}.Release|Any CPU.ActiveCfg = Release|Any CPU
		{5D0A7DE7-3559-48BE-AFF5-2A01E4AB9E65}.Release|Any CPU.Build.0 = Release|Any CPU
	EndGlobalSection
	GlobalSection(SolutionProperties) = preSolution
		HideSolutionNode = FALSE
	EndGlobalSection
	GlobalSection(ExtensibilityGlobals) = postSolution
		SolutionGuid = {7DF32726-4021-431F-A8C7-24C446158B49}
	EndGlobalSection
EndGlobal
